
Microsoft Visual Studio Solution File, Format Version 12.00
# Visual Studio Version 17
VisualStudioVersion = 17.5.002.0
MinimumVisualStudioVersion = 10.0.40219.1
Project("{9A19103F-16F7-4668-BE54-9A1E7A4F7556}") = "Gameficacao01.API", "Gameficacao01.API.csproj", "{0D0AB8CD-BA07-4E98-A73B-F562735DFB3F}"
EndProject
Global
	GlobalSection(SolutionConfigurationPlatforms) = preSolution
		Debug|Any CPU = Debug|Any CPU
		Release|Any CPU = Release|Any CPU
	EndGlobalSection
	GlobalSection(ProjectConfigurationPlatforms) = postSolution
		{0D0AB8CD-BA07-4E98-A73B-F562735DFB3F}.Debug|Any CPU.ActiveCfg = Debug|Any CPU
		{0D0AB8CD-BA07-4E98-A73B-F562735DFB3F}.Debug|Any CPU.Build.0 = Debug|Any CPU
		{0D0AB8CD-BA07-4E98-A73B-F562735DFB3F}.Release|Any CPU.ActiveCfg = Release|Any CPU
		{0D0AB8CD-BA07-4E98-A73B-F562735DFB3F}.Release|Any CPU.Build.0 = Release|Any CPU
	EndGlobalSection
	GlobalSection(SolutionProperties) = preSolution
		HideSolutionNode = FALSE
	EndGlobalSection
	GlobalSection(ExtensibilityGlobals) = postSolution
		SolutionGuid = {A247D7D8-7B0B-4174-9715-2B2586A997C2}
	EndGlobalSection
EndGlobal
